// !$*UTF8*$!
{
	archiveVersion = 1;
	classes = {
	};
	objectVersion = 50;
	objects = {

/* Begin PBXBuildFile section */
		82545BB6256D3CAB00192E9C /* AppDelegate.swift in Sources */ = {isa = PBXBuildFile; fileRef = 82545BB5256D3CAB00192E9C /* AppDelegate.swift */; };
		82545BB8256D3CAB00192E9C /* SceneDelegate.swift in Sources */ = {isa = PBXBuildFile; fileRef = 82545BB7256D3CAB00192E9C /* SceneDelegate.swift */; };
		82545BBA256D3CAB00192E9C /* ViewController.swift in Sources */ = {isa = PBXBuildFile; fileRef = 82545BB9256D3CAB00192E9C /* ViewController.swift */; };
		82545BBD256D3CAB00192E9C /* Main.storyboard in Resources */ = {isa = PBXBuildFile; fileRef = 82545BBB256D3CAB00192E9C /* Main.storyboard */; };
		82545BBF256D3CAD00192E9C /* Assets.xcassets in Resources */ = {isa = PBXBuildFile; fileRef = 82545BBE256D3CAD00192E9C /* Assets.xcassets */; };
		82545BC2256D3CAD00192E9C /* LaunchScreen.storyboard in Resources */ = {isa = PBXBuildFile; fileRef = 82545BC0256D3CAD00192E9C /* LaunchScreen.storyboard */; };
		82545BCD256D3CAE00192E9C /* geqiangbao_20201124_templateMethodTests.swift in Sources */ = {isa = PBXBuildFile; fileRef = 82545BCC256D3CAE00192E9C /* geqiangbao_20201124_templateMethodTests.swift */; };
		82545BD8256D3CAE00192E9C /* geqiangbao_20201124_templateMethodUITests.swift in Sources */ = {isa = PBXBuildFile; fileRef = 82545BD7256D3CAE00192E9C /* geqiangbao_20201124_templateMethodUITests.swift */; };
		82545BEB256D3CFA00192E9C /* TemplateMethodComputer.swift in Sources */ = {isa = PBXBuildFile; fileRef = 82545BEA256D3CFA00192E9C /* TemplateMethodComputer.swift */; };
		82545BF0256D3D2500192E9C /* HuaweiComputer.swift in Sources */ = {isa = PBXBuildFile; fileRef = 82545BEF256D3D2500192E9C /* HuaweiComputer.swift */; };
		82545BFA256D3E6100192E9C /* DefaultAVPlayer.swift in Sources */ = {isa = PBXBuildFile; fileRef = 82545BF5256D3E6100192E9C /* DefaultAVPlayer.swift */; };
		82545BFB256D3E6100192E9C /* TemplateAVPlayer.swift in Sources */ = {isa = PBXBuildFile; fileRef = 82545BF6256D3E6100192E9C /* TemplateAVPlayer.swift */; };
		82545BFC256D3E6100192E9C /* AVPlayerDelegate.swift in Sources */ = {isa = PBXBuildFile; fileRef = 82545BF7256D3E6100192E9C /* AVPlayerDelegate.swift */; };
		82545BFD256D3E6100192E9C /* Test.mov in Resources */ = {isa = PBXBuildFile; fileRef = 82545BF9256D3E6100192E9C /* Test.mov */; };
/* End PBXBuildFile section */

/* Begin PBXContainerItemProxy section */
		82545BC9256D3CAE00192E9C /* PBXContainerItemProxy */ = {
			isa = PBXContainerItemProxy;
			containerPortal = 82545BAA256D3CAB00192E9C /* Project object */;
			proxyType = 1;
			remoteGlobalIDString = 82545BB1256D3CAB00192E9C;
			remoteInfo = geqiangbao_20201124_templateMethod;
		};
		82545BD4256D3CAE00192E9C /* PBXContainerItemProxy */ = {
			isa = PBXContainerItemProxy;
			containerPortal = 82545BAA256D3CAB00192E9C /* Project object */;
			proxyType = 1;
			remoteGlobalIDString = 82545BB1256D3CAB00192E9C;
			remoteInfo = geqiangbao_20201124_templateMethod;
		};
/* End PBXContainerItemProxy section */

/* Begin PBXFileReference section */
		82545BB2256D3CAB00192E9C /* geqiangbao_20201124_templateMethod.app */ = {isa = PBXFileReference; explicitFileType = wrapper.application; includeInIndex = 0; path = geqiangbao_20201124_templateMethod.app; sourceTree = BUILT_PRODUCTS_DIR; };
		82545BB5256D3CAB00192E9C /* AppDelegate.swift */ = {isa = PBXFileReference; lastKnownFileType = sourcecode.swift; path = AppDelegate.swift; sourceTree = "<group>"; };
		82545BB7256D3CAB00192E9C /* SceneDelegate.swift */ = {isa = PBXFileReference; lastKnownFileType = sourcecode.swift; path = SceneDelegate.swift; sourceTree = "<group>"; };
		82545BB9256D3CAB00192E9C /* ViewController.swift */ = {isa = PBXFileReference; lastKnownFileType = sourcecode.swift; path = ViewController.swift; sourceTree = "<group>"; };
		82545BBC256D3CAB00192E9C /* Base */ = {isa = PBXFileReference; lastKnownFileType = file.storyboard; name = Base; path = Base.lproj/Main.storyboard; sourceTree = "<group>"; };
		82545BBE256D3CAD00192E9C /* Assets.xcassets */ = {isa = PBXFileReference; lastKnownFileType = folder.assetcatalog; path = Assets.xcassets; sourceTree = "<group>"; };
		82545BC1256D3CAD00192E9C /* Base */ = {isa = PBXFileReference; lastKnownFileType = file.storyboard; name = Base; path = Base.lproj/LaunchScreen.storyboard; sourceTree = "<group>"; };
		82545BC3256D3CAD00192E9C /* Info.plist */ = {isa = PBXFileReference; lastKnownFileType = text.plist.xml; path = Info.plist; sourceTree = "<group>"; };
		82545BC8256D3CAE00192E9C /* geqiangbao_20201124_templateMethodTests.xctest */ = {isa = PBXFileReference; explicitFileType = wrapper.cfbundle; includeInIndex = 0; path = geqiangbao_20201124_templateMethodTests.xctest; sourceTree = BUILT_PRODUCTS_DIR; };
		82545BCC256D3CAE00192E9C /* geqiangbao_20201124_templateMethodTests.swift */ = {isa = PBXFileReference; lastKnownFileType = sourcecode.swift; path = geqiangbao_20201124_templateMethodTests.swift; sourceTree = "<group>"; };
		82545BCE256D3CAE00192E9C /* Info.plist */ = {isa = PBXFileReference; lastKnownFileType = text.plist.xml; path = Info.plist; sourceTree = "<group>"; };
		82545BD3256D3CAE00192E9C /* geqiangbao_20201124_templateMethodUITests.xctest */ = {isa = PBXFileReference; explicitFileType = wrapper.cfbundle; includeInIndex = 0; path = geqiangbao_20201124_templateMethodUITests.xctest; sourceTree = BUILT_PRODUCTS_DIR; };
		82545BD7256D3CAE00192E9C /* geqiangbao_20201124_templateMethodUITests.swift */ = {isa = PBXFileReference; lastKnownFileType = sourcecode.swift; path = geqiangbao_20201124_templateMethodUITests.swift; sourceTree = "<group>"; };
		82545BD9256D3CAE00192E9C /* Info.plist */ = {isa = PBXFileReference; lastKnownFileType = text.plist.xml; path = Info.plist; sourceTree = "<group>"; };
		82545BEA256D3CFA00192E9C /* TemplateMethodComputer.swift */ = {isa = PBXFileReference; lastKnownFileType = sourcecode.swift; path = TemplateMethodComputer.swift; sourceTree = "<group>"; };
		82545BEF256D3D2500192E9C /* HuaweiComputer.swift */ = {isa = PBXFileReference; lastKnownFileType = sourcecode.swift; path = HuaweiComputer.swift; sourceTree = "<group>"; };
		82545BF5256D3E6100192E9C /* DefaultAVPlayer.swift */ = {isa = PBXFileReference; fileEncoding = 4; lastKnownFileType = sourcecode.swift; path = DefaultAVPlayer.swift; sourceTree = "<group>"; };
		82545BF6256D3E6100192E9C /* TemplateAVPlayer.swift */ = {isa = PBXFileReference; fileEncoding = 4; lastKnownFileType = sourcecode.swift; path = TemplateAVPlayer.swift; sourceTree = "<group>"; };
		82545BF7256D3E6100192E9C /* AVPlayerDelegate.swift */ = {isa = PBXFileReference; fileEncoding = 4; lastKnownFileType = sourcecode.swift; path = AVPlayerDelegate.swift; sourceTree = "<group>"; };
		82545BF9256D3E6100192E9C /* Test.mov */ = {isa = PBXFileReference; lastKnownFileType = video.quicktime; path = Test.mov; sourceTree = "<group>"; };
/* End PBXFileReference section */

/* Begin PBXFrameworksBuildPhase section */
		82545BAF256D3CAB00192E9C /* Frameworks */ = {
			isa = PBXFrameworksBuildPhase;
			buildActionMask = 2147483647;
			files = (
			);
			runOnlyForDeploymentPostprocessing = 0;
		};
		82545BC5256D3CAE00192E9C /* Frameworks */ = {
			isa = PBXFrameworksBuildPhase;
			buildActionMask = 2147483647;
			files = (
			);
			runOnlyForDeploymentPostprocessing = 0;
		};
		82545BD0256D3CAE00192E9C /* Frameworks */ = {
			isa = PBXFrameworksBuildPhase;
			buildActionMask = 2147483647;
			files = (
			);
			runOnlyForDeploymentPostprocessing = 0;
		};
/* End PBXFrameworksBuildPhase section */

/* Begin PBXGroup section */
		82545BA9256D3CAB00192E9C = {
			isa = PBXGroup;
			children = (
				82545BB4256D3CAB00192E9C /* geqiangbao_20201124_templateMethod */,
				82545BCB256D3CAE00192E9C /* geqiangbao_20201124_templateMethodTests */,
				82545BD6256D3CAE00192E9C /* geqiangbao_20201124_templateMethodUITests */,
				82545BB3256D3CAB00192E9C /* Products */,
			);
			sourceTree = "<group>";
		};
		82545BB3256D3CAB00192E9C /* Products */ = {
			isa = PBXGroup;
			children = (
				82545BB2256D3CAB00192E9C /* geqiangbao_20201124_templateMethod.app */,
				82545BC8256D3CAE00192E9C /* geqiangbao_20201124_templateMethodTests.xctest */,
				82545BD3256D3CAE00192E9C /* geqiangbao_20201124_templateMethodUITests.xctest */,
			);
			name = Products;
			sourceTree = "<group>";
		};
		82545BB4256D3CAB00192E9C /* geqiangbao_20201124_templateMethod */ = {
			isa = PBXGroup;
			children = (
				82545BF4256D3E2200192E9C /* demo2 */,
				82545BE9256D3CEB00192E9C /* demo1 */,
				82545BB5256D3CAB00192E9C /* AppDelegate.swift */,
				82545BB7256D3CAB00192E9C /* SceneDelegate.swift */,
				82545BB9256D3CAB00192E9C /* ViewController.swift */,
				82545BBB256D3CAB00192E9C /* Main.storyboard */,
				82545BBE256D3CAD00192E9C /* Assets.xcassets */,
				82545BC0256D3CAD00192E9C /* LaunchScreen.storyboard */,
				82545BC3256D3CAD00192E9C /* Info.plist */,
			);
			path = geqiangbao_20201124_templateMethod;
			sourceTree = "<group>";
		};
		82545BCB256D3CAE00192E9C /* geqiangbao_20201124_templateMethodTests */ = {
			isa = PBXGroup;
			children = (
				82545BCC256D3CAE00192E9C /* geqiangbao_20201124_templateMethodTests.swift */,
				82545BCE256D3CAE00192E9C /* Info.plist */,
			);
			path = geqiangbao_20201124_templateMethodTests;
			sourceTree = "<group>";
		};
		82545BD6256D3CAE00192E9C /* geqiangbao_20201124_templateMethodUITests */ = {
			isa = PBXGroup;
			children = (
				82545BD7256D3CAE00192E9C /* geqiangbao_20201124_templateMethodUITests.swift */,
				82545BD9256D3CAE00192E9C /* Info.plist */,
			);
			path = geqiangbao_20201124_templateMethodUITests;
			sourceTree = "<group>";
		};
		82545BE9256D3CEB00192E9C /* demo1 */ = {
			isa = PBXGroup;
			children = (
				82545BEA256D3CFA00192E9C /* TemplateMethodComputer.swift */,
				82545BEF256D3D2500192E9C /* HuaweiComputer.swift */,
			);
			path = demo1;
			sourceTree = "<group>";
		};
		82545BF4256D3E2200192E9C /* demo2 */ = {
			isa = PBXGroup;
			children = (
				82545BF7256D3E6100192E9C /* AVPlayerDelegate.swift */,
				82545BF5256D3E6100192E9C /* DefaultAVPlayer.swift */,
				82545BF6256D3E6100192E9C /* TemplateAVPlayer.swift */,
				82545BF8256D3E6100192E9C /* Video */,
			);
			path = demo2;
			sourceTree = "<group>";
		};
		82545BF8256D3E6100192E9C /* Video */ = {
			isa = PBXGroup;
			children = (
				82545BF9256D3E6100192E9C /* Test.mov */,
			);
			path = Video;
			sourceTree = "<group>";
		};
/* End PBXGroup section */

/* Begin PBXNativeTarget section */
		82545BB1256D3CAB00192E9C /* geqiangbao_20201124_templateMethod */ = {
			isa = PBXNativeTarget;
			buildConfigurationList = 82545BDC256D3CAE00192E9C /* Build configuration list for PBXNativeTarget "geqiangbao_20201124_templateMethod" */;
			buildPhases = (
				82545BAE256D3CAB00192E9C /* Sources */,
				82545BAF256D3CAB00192E9C /* Frameworks */,
				82545BB0256D3CAB00192E9C /* Resources */,
			);
			buildRules = (
			);
			dependencies = (
			);
			name = geqiangbao_20201124_templateMethod;
			productName = geqiangbao_20201124_templateMethod;
			productReference = 82545BB2256D3CAB00192E9C /* geqiangbao_20201124_templateMethod.app */;
			productType = "com.apple.product-type.application";
		};
		82545BC7256D3CAE00192E9C /* geqiangbao_20201124_templateMethodTests */ = {
			isa = PBXNativeTarget;
			buildConfigurationList = 82545BDF256D3CAE00192E9C /* Build configuration list for PBXNativeTarget "geqiangbao_20201124_templateMethodTests" */;
			buildPhases = (
				82545BC4256D3CAE00192E9C /* Sources */,
				82545BC5256D3CAE00192E9C /* Frameworks */,
				82545BC6256D3CAE00192E9C /* Resources */,
			);
			buildRules = (
			);
			dependencies = (
				82545BCA256D3CAE00192E9C /* PBXTargetDependency */,
			);
			name = geqiangbao_20201124_templateMethodTests;
			productName = geqiangbao_20201124_templateMethodTests;
			productReference = 82545BC8256D3CAE00192E9C /* geqiangbao_20201124_templateMethodTests.xctest */;
			productType = "com.apple.product-type.bundle.unit-test";
		};
		82545BD2256D3CAE00192E9C /* geqiangbao_20201124_templateMethodUITests */ = {
			isa = PBXNativeTarget;
			buildConfigurationList = 82545BE2256D3CAE00192E9C /* Build configuration list for PBXNativeTarget "geqiangbao_20201124_templateMethodUITests" */;
			buildPhases = (
				82545BCF256D3CAE00192E9C /* Sources */,
				82545BD0256D3CAE00192E9C /* Frameworks */,
				82545BD1256D3CAE00192E9C /* Resources */,
			);
			buildRules = (
			);
			dependencies = (
				82545BD5256D3CAE00192E9C /* PBXTargetDependency */,
			);
			name = geqiangbao_20201124_templateMethodUITests;
			productName = geqiangbao_20201124_templateMethodUITests;
			productReference = 82545BD3256D3CAE00192E9C /* geqiangbao_20201124_templateMethodUITests.xctest */;
			productType = "com.apple.product-type.bundle.ui-testing";
		};
/* End PBXNativeTarget section */

/* Begin PBXProject section */
		82545BAA256D3CAB00192E9C /* Project object */ = {
			isa = PBXProject;
			attributes = {
				LastSwiftUpdateCheck = 1210;
				LastUpgradeCheck = 1210;
				TargetAttributes = {
					82545BB1256D3CAB00192E9C = {
						CreatedOnToolsVersion = 12.1;
					};
					82545BC7256D3CAE00192E9C = {
						CreatedOnToolsVersion = 12.1;
						TestTargetID = 82545BB1256D3CAB00192E9C;
					};
					82545BD2256D3CAE00192E9C = {
						CreatedOnToolsVersion = 12.1;
						TestTargetID = 82545BB1256D3CAB00192E9C;
					};
				};
			};
			buildConfigurationList = 82545BAD256D3CAB00192E9C /* Build configuration list for PBXProject "geqiangbao_20201124_templateMethod" */;
			compatibilityVersion = "Xcode 9.3";
			developmentRegion = en;
			hasScannedForEncodings = 0;
			knownRegions = (
				en,
				Base,
			);
			mainGroup = 82545BA9256D3CAB00192E9C;
			productRefGroup = 82545BB3256D3CAB00192E9C /* Products */;
			projectDirPath = "";
			projectRoot = "";
			targets = (
				82545BB1256D3CAB00192E9C /* geqiangbao_20201124_templateMethod */,
				82545BC7256D3CAE00192E9C /* geqiangbao_20201124_templateMethodTests */,
				82545BD2256D3CAE00192E9C /* geqiangbao_20201124_templateMethodUITests */,
			);
		};
/* End PBXProject section */

/* Begin PBXResourcesBuildPhase section */
		82545BB0256D3CAB00192E9C /* Resources */ = {
			isa = PBXResourcesBuildPhase;
			buildActionMask = 2147483647;
			files = (
				82545BFD256D3E6100192E9C /* Test.mov in Resources */,
				82545BC2256D3CAD00192E9C /* LaunchScreen.storyboard in Resources */,
				82545BBF256D3CAD00192E9C /* Assets.xcassets in Resources */,
				82545BBD256D3CAB00192E9C /* Main.storyboard in Resources */,
			);
			runOnlyForDeploymentPostprocessing = 0;
		};
		82545BC6256D3CAE00192E9C /* Resources */ = {
			isa = PBXResourcesBuildPhase;
			buildActionMask = 2147483647;
			files = (
			);
			runOnlyForDeploymentPostprocessing = 0;
		};
		82545BD1256D3CAE00192E9C /* Resources */ = {
			isa = PBXResourcesBuildPhase;
			buildActionMask = 2147483647;
			files = (
			);
			runOnlyForDeploymentPostprocessing = 0;
		};
/* End PBXResourcesBuildPhase section */

/* Begin PBXSourcesBuildPhase section */
		82545BAE256D3CAB00192E9C /* Sources */ = {
			isa = PBXSourcesBuildPhase;
			buildActionMask = 2147483647;
			files = (
				82545BFC256D3E6100192E9C /* AVPlayerDelegate.swift in Sources */,
				82545BBA256D3CAB00192E9C /* ViewController.swift in Sources */,
				82545BF0256D3D2500192E9C /* HuaweiComputer.swift in Sources */,
				82545BB6256D3CAB00192E9C /* AppDelegate.swift in Sources */,
				82545BB8256D3CAB00192E9C /* SceneDelegate.swift in Sources */,
				82545BFB256D3E6100192E9C /* TemplateAVPlayer.swift in Sources */,
				82545BEB256D3CFA00192E9C /* TemplateMethodComputer.swift in Sources */,
				82545BFA256D3E6100192E9C /* DefaultAVPlayer.swift in Sources */,
			);
			runOnlyForDeploymentPostprocessing = 0;
		};
		82545BC4256D3CAE00192E9C /* Sources */ = {
			isa = PBXSourcesBuildPhase;
			buildActionMask = 2147483647;
			files = (
				82545BCD256D3CAE00192E9C /* geqiangbao_20201124_templateMethodTests.swift in Sources */,
			);
			runOnlyForDeploymentPostprocessing = 0;
		};
		82545BCF256D3CAE00192E9C /* Sources */ = {
			isa = PBXSourcesBuildPhase;
			buildActionMask = 2147483647;
			files = (
				82545BD8256D3CAE00192E9C /* geqiangbao_20201124_templateMethodUITests.swift in Sources */,
			);
			runOnlyForDeploymentPostprocessing = 0;
		};
/* End PBXSourcesBuildPhase section */

/* Begin PBXTargetDependency section */
		82545BCA256D3CAE00192E9C /* PBXTargetDependency */ = {
			isa = PBXTargetDependency;
			target = 82545BB1256D3CAB00192E9C /* geqiangbao_20201124_templateMethod */;
			targetProxy = 82545BC9256D3CAE00192E9C /* PBXContainerItemProxy */;
		};
		82545BD5256D3CAE00192E9C /* PBXTargetDependency */ = {
			isa = PBXTargetDependency;
			target = 82545BB1256D3CAB00192E9C /* geqiangbao_20201124_templateMethod */;
			targetProxy = 82545BD4256D3CAE00192E9C /* PBXContainerItemProxy */;
		};
/* End PBXTargetDependency section */

/* Begin PBXVariantGroup section */
		82545BBB256D3CAB00192E9C /* Main.storyboard */ = {
			isa = PBXVariantGroup;
			children = (
				82545BBC256D3CAB00192E9C /* Base */,
			);
			name = Main.storyboard;
			sourceTree = "<group>";
		};
		82545BC0256D3CAD00192E9C /* LaunchScreen.storyboard */ = {
			isa = PBXVariantGroup;
			children = (
				82545BC1256D3CAD00192E9C /* Base */,
			);
			name = LaunchScreen.storyboard;
			sourceTree = "<group>";
		};
/* End PBXVariantGroup section */

/* Begin XCBuildConfiguration section */
		82545BDA256D3CAE00192E9C /* Debug */ = {
			isa = XCBuildConfiguration;
			buildSettings = {
				ALWAYS_SEARCH_USER_PATHS = NO;
				CLANG_ANALYZER_NONNULL = YES;
				CLANG_ANALYZER_NUMBER_OBJECT_CONVERSION = YES_AGGRESSIVE;
				CLANG_CXX_LANGUAGE_STANDARD = "gnu++14";
				CLANG_CXX_LIBRARY = "libc++";
				CLANG_ENABLE_MODULES = YES;
				CLANG_ENABLE_OBJC_ARC = YES;
				CLANG_ENABLE_OBJC_WEAK = YES;
				CLANG_WARN_BLOCK_CAPTURE_AUTORELEASING = YES;
				CLANG_WARN_BOOL_CONVERSION = YES;
				CLANG_WARN_COMMA = YES;
				CLANG_WARN_CONSTANT_CONVERSION = YES;
				CLANG_WARN_DEPRECATED_OBJC_IMPLEMENTATIONS = YES;
				CLANG_WARN_DIRECT_OBJC_ISA_USAGE = YES_ERROR;
				CLANG_WARN_DOCUMENTATION_COMMENTS = YES;
				CLANG_WARN_EMPTY_BODY = YES;
				CLANG_WARN_ENUM_CONVERSION = YES;
				CLANG_WARN_INFINITE_RECURSION = YES;
				CLANG_WARN_INT_CONVERSION = YES;
				CLANG_WARN_NON_LITERAL_NULL_CONVERSION = YES;
				CLANG_WARN_OBJC_IMPLICIT_RETAIN_SELF = YES;
				CLANG_WARN_OBJC_LITERAL_CONVERSION = YES;
				CLANG_WARN_OBJC_ROOT_CLASS = YES_ERROR;
				CLANG_WARN_QUOTED_INCLUDE_IN_FRAMEWORK_HEADER = YES;
				CLANG_WARN_RANGE_LOOP_ANALYSIS = YES;
				CLANG_WARN_STRICT_PROTOTYPES = YES;
				CLANG_WARN_SUSPICIOUS_MOVE = YES;
				CLANG_WARN_UNGUARDED_AVAILABILITY = YES_AGGRESSIVE;
				CLANG_WARN_UNREACHABLE_CODE = YES;
				CLANG_WARN__DUPLICATE_METHOD_MATCH = YES;
				COPY_PHASE_STRIP = NO;
				DEBUG_INFORMATION_FORMAT = dwarf;
				ENABLE_STRICT_OBJC_MSGSEND = YES;
				ENABLE_TESTABILITY = YES;
				GCC_C_LANGUAGE_STANDARD = gnu11;
				GCC_DYNAMIC_NO_PIC = NO;
				GCC_NO_COMMON_BLOCKS = YES;
				GCC_OPTIMIZATION_LEVEL = 0;
				GCC_PREPROCESSOR_DEFINITIONS = (
					"DEBUG=1",
					"$(inherited)",
				);
				GCC_WARN_64_TO_32_BIT_CONVERSION = YES;
				GCC_WARN_ABOUT_RETURN_TYPE = YES_ERROR;
				GCC_WARN_UNDECLARED_SELECTOR = YES;
				GCC_WARN_UNINITIALIZED_AUTOS = YES_AGGRESSIVE;
				GCC_WARN_UNUSED_FUNCTION = YES;
				GCC_WARN_UNUSED_VARIABLE = YES;
				IPHONEOS_DEPLOYMENT_TARGET = 14.1;
				MTL_ENABLE_DEBUG_INFO = INCLUDE_SOURCE;
				MTL_FAST_MATH = YES;
				ONLY_ACTIVE_ARCH = YES;
				SDKROOT = iphoneos;
				SWIFT_ACTIVE_COMPILATION_CONDITIONS = DEBUG;
				SWIFT_OPTIMIZATION_LEVEL = "-Onone";
			};
			name = Debug;
		};
		82545BDB256D3CAE00192E9C /* Release */ = {
			isa = XCBuildConfiguration;
			buildSettings = {
				ALWAYS_SEARCH_USER_PATHS = NO;
				CLANG_ANALYZER_NONNULL = YES;
				CLANG_ANALYZER_NUMBER_OBJECT_CONVERSION = YES_AGGRESSIVE;
				CLANG_CXX_LANGUAGE_STANDARD = "gnu++14";
				CLANG_CXX_LIBRARY = "libc++";
				CLANG_ENABLE_MODULES = YES;
				CLANG_ENABLE_OBJC_ARC = YES;
				CLANG_ENABLE_OBJC_WEAK = YES;
				CLANG_WARN_BLOCK_CAPTURE_AUTORELEASING = YES;
				CLANG_WARN_BOOL_CONVERSION = YES;
				CLANG_WARN_COMMA = YES;
				CLANG_WARN_CONSTANT_CONVERSION = YES;
				CLANG_WARN_DEPRECATED_OBJC_IMPLEMENTATIONS = YES;
				CLANG_WARN_DIRECT_OBJC_ISA_USAGE = YES_ERROR;
				CLANG_WARN_DOCUMENTATION_COMMENTS = YES;
				CLANG_WARN_EMPTY_BODY = YES;
				CLANG_WARN_ENUM_CONVERSION = YES;
				CLANG_WARN_INFINITE_RECURSION = YES;
				CLANG_WARN_INT_CONVERSION = YES;
				CLANG_WARN_NON_LITERAL_NULL_CONVERSION = YES;
				CLANG_WARN_OBJC_IMPLICIT_RETAIN_SELF = YES;
				CLANG_WARN_OBJC_LITERAL_CONVERSION = YES;
				CLANG_WARN_OBJC_ROOT_CLASS = YES_ERROR;
				CLANG_WARN_QUOTED_INCLUDE_IN_FRAMEWORK_HEADER = YES;
				CLANG_WARN_RANGE_LOOP_ANALYSIS = YES;
				CLANG_WARN_STRICT_PROTOTYPES = YES;
				CLANG_WARN_SUSPICIOUS_MOVE = YES;
				CLANG_WARN_UNGUARDED_AVAILABILITY = YES_AGGRESSIVE;
				CLANG_WARN_UNREACHABLE_CODE = YES;
				CLANG_WARN__DUPLICATE_METHOD_MATCH = YES;
				COPY_PHASE_STRIP = NO;
				DEBUG_INFORMATION_FORMAT = "dwarf-with-dsym";
				ENABLE_NS_ASSERTIONS = NO;
				ENABLE_STRICT_OBJC_MSGSEND = YES;
				GCC_C_LANGUAGE_STANDARD = gnu11;
				GCC_NO_COMMON_BLOCKS = YES;
				GCC_WARN_64_TO_32_BIT_CONVERSION = YES;
				GCC_WARN_ABOUT_RETURN_TYPE = YES_ERROR;
				GCC_WARN_UNDECLARED_SELECTOR = YES;
				GCC_WARN_UNINITIALIZED_AUTOS = YES_AGGRESSIVE;
				GCC_WARN_UNUSED_FUNCTION = YES;
				GCC_WARN_UNUSED_VARIABLE = YES;
				IPHONEOS_DEPLOYMENT_TARGET = 14.1;
				MTL_ENABLE_DEBUG_INFO = NO;
				MTL_FAST_MATH = YES;
				SDKROOT = iphoneos;
				SWIFT_COMPILATION_MODE = wholemodule;
				SWIFT_OPTIMIZATION_LEVEL = "-O";
				VALIDATE_PRODUCT = YES;
			};
			name = Release;
		};
		82545BDD256D3CAE00192E9C /* Debug */ = {
			isa = XCBuildConfiguration;
			buildSettings = {
				ASSETCATALOG_COMPILER_APPICON_NAME = AppIcon;
				ASSETCATALOG_COMPILER_GLOBAL_ACCENT_COLOR_NAME = AccentColor;
				CODE_SIGN_STYLE = Automatic;
				DEVELOPMENT_TEAM = 4UZC2PTF7L;
				INFOPLIST_FILE = geqiangbao_20201124_templateMethod/Info.plist;
				LD_RUNPATH_SEARCH_PATHS = (
					"$(inherited)",
					"@executable_path/Frameworks",
				);
				PRODUCT_BUNDLE_IDENTIFIER = "qdinfini.com.cn.NotificationService.geqiangbao-20201124-templateMethod";
				PRODUCT_NAME = "$(TARGET_NAME)";
				SWIFT_VERSION = 5.0;
				TARGETED_DEVICE_FAMILY = "1,2";
			};
			name = Debug;
		};
		82545BDE256D3CAE00192E9C /* Release */ = {
			isa = XCBuildConfiguration;
			buildSettings = {
				ASSETCATALOG_COMPILER_APPICON_NAME = AppIcon;
				ASSETCATALOG_COMPILER_GLOBAL_ACCENT_COLOR_NAME = AccentColor;
				CODE_SIGN_STYLE = Automatic;
				DEVELOPMENT_TEAM = 4UZC2PTF7L;
				INFOPLIST_FILE = geqiangbao_20201124_templateMethod/Info.plist;
				LD_RUNPATH_SEARCH_PATHS = (
					"$(inherited)",
					"@executable_path/Frameworks",
				);
				PRODUCT_BUNDLE_IDENTIFIER = "qdinfini.com.cn.NotificationService.geqiangbao-20201124-templateMethod";
				PRODUCT_NAME = "$(TARGET_NAME)";
				SWIFT_VERSION = 5.0;
				TARGETED_DEVICE_FAMILY = "1,2";
			};
			name = Release;
		};
		82545BE0256D3CAE00192E9C /* Debug */ = {
			isa = XCBuildConfiguration;
			buildSettings = {
				ALWAYS_EMBED_SWIFT_STANDARD_LIBRARIES = YES;
				BUNDLE_LOADER = "$(TEST_HOST)";
				CODE_SIGN_STYLE = Automatic;
				DEVELOPMENT_TEAM = 4UZC2PTF7L;
				INFOPLIST_FILE = geqiangbao_20201124_templateMethodTests/Info.plist;
				IPHONEOS_DEPLOYMENT_TARGET = 14.1;
				LD_RUNPATH_SEARCH_PATHS = (
					"$(inherited)",
					"@executable_path/Frameworks",
					"@loader_path/Frameworks",
				);
				PRODUCT_BUNDLE_IDENTIFIER = "qdinfini.com.cn.NotificationService.geqiangbao-20201124-templateMethodTests";
				PRODUCT_NAME = "$(TARGET_NAME)";
				SWIFT_VERSION = 5.0;
				TARGETED_DEVICE_FAMILY = "1,2";
				TEST_HOST = "$(BUILT_PRODUCTS_DIR)/geqiangbao_20201124_templateMethod.app/geqiangbao_20201124_templateMethod";
			};
			name = Debug;
		};
		82545BE1256D3CAE00192E9C /* Release */ = {
			isa = XCBuildConfiguration;
			buildSettings = {
				ALWAYS_EMBED_SWIFT_STANDARD_LIBRARIES = YES;
				BUNDLE_LOADER = "$(TEST_HOST)";
				CODE_SIGN_STYLE = Automatic;
				DEVELOPMENT_TEAM = 4UZC2PTF7L;
				INFOPLIST_FILE = geqiangbao_20201124_templateMethodTests/Info.plist;
				IPHONEOS_DEPLOYMENT_TARGET = 14.1;
				LD_RUNPATH_SEARCH_PATHS = (
					"$(inherited)",
					"@executable_path/Frameworks",
					"@loader_path/Frameworks",
				);
				PRODUCT_BUNDLE_IDENTIFIER = "qdinfini.com.cn.NotificationService.geqiangbao-20201124-templateMethodTests";
				PRODUCT_NAME = "$(TARGET_NAME)";
				SWIFT_VERSION = 5.0;
				TARGETED_DEVICE_FAMILY = "1,2";
				TEST_HOST = "$(BUILT_PRODUCTS_DIR)/geqiangbao_20201124_templateMethod.app/geqiangbao_20201124_templateMethod";
			};
			name = Release;
		};
		82545BE3256D3CAE00192E9C /* Debug */ = {
			isa = XCBuildConfiguration;
			buildSettings = {
				ALWAYS_EMBED_SWIFT_STANDARD_LIBRARIES = YES;
				CODE_SIGN_STYLE = Automatic;
				DEVELOPMENT_TEAM = 4UZC2PTF7L;
				INFOPLIST_FILE = geqiangbao_20201124_templateMethodUITests/Info.plist;
				LD_RUNPATH_SEARCH_PATHS = (
					"$(inherited)",
					"@executable_path/Frameworks",
					"@loader_path/Frameworks",
				);
				PRODUCT_BUNDLE_IDENTIFIER = "qdinfini.com.cn.NotificationService.geqiangbao-20201124-templateMethodUITests";
				PRODUCT_NAME = "$(TARGET_NAME)";
				SWIFT_VERSION = 5.0;
				TARGETED_DEVICE_FAMILY = "1,2";
				TEST_TARGET_NAME = geqiangbao_20201124_templateMethod;
			};
			name = Debug;
		};
		82545BE4256D3CAE00192E9C /* Release */ = {
			isa = XCBuildConfiguration;
			buildSettings = {
				ALWAYS_EMBED_SWIFT_STANDARD_LIBRARIES = YES;
				CODE_SIGN_STYLE = Automatic;
				DEVELOPMENT_TEAM = 4UZC2PTF7L;
				INFOPLIST_FILE = geqiangbao_20201124_templateMethodUITests/Info.plist;
				LD_RUNPATH_SEARCH_PATHS = (
					"$(inherited)",
					"@executable_path/Frameworks",
					"@loader_path/Frameworks",
				);
				PRODUCT_BUNDLE_IDENTIFIER = "qdinfini.com.cn.NotificationService.geqiangbao-20201124-templateMethodUITests";
				PRODUCT_NAME = "$(TARGET_NAME)";
				SWIFT_VERSION = 5.0;
				TARGETED_DEVICE_FAMILY = "1,2";
				TEST_TARGET_NAME = geqiangbao_20201124_templateMethod;
			};
			name = Release;
		};
/* End XCBuildConfiguration section */

/* Begin XCConfigurationList section */
		82545BAD256D3CAB00192E9C /* Build configuration list for PBXProject "geqiangbao_20201124_templateMethod" */ = {
			isa = XCConfigurationList;
			buildConfigurations = (
				82545BDA256D3CAE00192E9C /* Debug */,
				82545BDB256D3CAE00192E9C /* Release */,
			);
			defaultConfigurationIsVisible = 0;
			defaultConfigurationName = Release;
		};
		82545BDC256D3CAE00192E9C /* Build configuration list for PBXNativeTarget "geqiangbao_20201124_templateMethod" */ = {
			isa = XCConfigurationList;
			buildConfigurations = (
				82545BDD256D3CAE00192E9C /* Debug */,
				82545BDE256D3CAE00192E9C /* Release */,
			);
			defaultConfigurationIsVisible = 0;
			defaultConfigurationName = Release;
		};
		82545BDF256D3CAE00192E9C /* Build configuration list for PBXNativeTarget "geqiangbao_20201124_templateMethodTests" */ = {
			isa = XCConfigurationList;
			buildConfigurations = (
				82545BE0256D3CAE00192E9C /* Debug */,
				82545BE1256D3CAE00192E9C /* Release */,
			);
			defaultConfigurationIsVisible = 0;
			defaultConfigurationName = Release;
		};
		82545BE2256D3CAE00192E9C /* Build configuration list for PBXNativeTarget "geqiangbao_20201124_templateMethodUITests" */ = {
			isa = XCConfigurationList;
			buildConfigurations = (
				82545BE3256D3CAE00192E9C /* Debug */,
				82545BE4256D3CAE00192E9C /* Release */,
			);
			defaultConfigurationIsVisible = 0;
			defaultConfigurationName = Release;
		};
/* End XCConfigurationList section */
	};
	rootObject = 82545BAA256D3CAB00192E9C /* Project object */;
}
