// !$*UTF8*$!
{
	archiveVersion = 1;
	classes = {
	};
	objectVersion = 50;
	objects = {

/* Begin PBXBuildFile section */
		823147D7256FB03000691F67 /* AppDelegate.swift in Sources */ = {isa = PBXBuildFile; fileRef = 823147D6256FB03000691F67 /* AppDelegate.swift */; };
		823147D9256FB03000691F67 /* SceneDelegate.swift in Sources */ = {isa = PBXBuildFile; fileRef = 823147D8256FB03000691F67 /* SceneDelegate.swift */; };
		823147DB256FB03000691F67 /* ViewController.swift in Sources */ = {isa = PBXBuildFile; fileRef = 823147DA256FB03000691F67 /* ViewController.swift */; };
		823147DE256FB03000691F67 /* Main.storyboard in Resources */ = {isa = PBXBuildFile; fileRef = 823147DC256FB03000691F67 /* Main.storyboard */; };
		823147E0256FB03300691F67 /* Assets.xcassets in Resources */ = {isa = PBXBuildFile; fileRef = 823147DF256FB03300691F67 /* Assets.xcassets */; };
		823147E3256FB03300691F67 /* LaunchScreen.storyboard in Resources */ = {isa = PBXBuildFile; fileRef = 823147E1256FB03300691F67 /* LaunchScreen.storyboard */; };
		823147EE256FB03300691F67 /* geqiangbao_20201126_xiangyuan_swiftTests.swift in Sources */ = {isa = PBXBuildFile; fileRef = 823147ED256FB03300691F67 /* geqiangbao_20201126_xiangyuan_swiftTests.swift */; };
		823147F9256FB03300691F67 /* geqiangbao_20201126_xiangyuan_swiftUITests.swift in Sources */ = {isa = PBXBuildFile; fileRef = 823147F8256FB03300691F67 /* geqiangbao_20201126_xiangyuan_swiftUITests.swift */; };
		8248E3F6256FB26E003F9694 /* TicketProtocol.swift in Sources */ = {isa = PBXBuildFile; fileRef = 8248E3F5256FB26E003F9694 /* TicketProtocol.swift */; };
		8248E3FE256FB288003F9694 /* TrainTicket.swift in Sources */ = {isa = PBXBuildFile; fileRef = 8248E3FD256FB288003F9694 /* TrainTicket.swift */; };
		8248E403256FB2A2003F9694 /* TicketFactory.swift in Sources */ = {isa = PBXBuildFile; fileRef = 8248E402256FB2A1003F9694 /* TicketFactory.swift */; };
		8248E408256FB2B4003F9694 /* TicketFactory2.swift in Sources */ = {isa = PBXBuildFile; fileRef = 8248E407256FB2B4003F9694 /* TicketFactory2.swift */; };
/* End PBXBuildFile section */

/* Begin PBXContainerItemProxy section */
		823147EA256FB03300691F67 /* PBXContainerItemProxy */ = {
			isa = PBXContainerItemProxy;
			containerPortal = 823147CB256FB03000691F67 /* Project object */;
			proxyType = 1;
			remoteGlobalIDString = 823147D2256FB03000691F67;
			remoteInfo = geqiangbao_20201126_xiangyuan_swift;
		};
		823147F5256FB03300691F67 /* PBXContainerItemProxy */ = {
			isa = PBXContainerItemProxy;
			containerPortal = 823147CB256FB03000691F67 /* Project object */;
			proxyType = 1;
			remoteGlobalIDString = 823147D2256FB03000691F67;
			remoteInfo = geqiangbao_20201126_xiangyuan_swift;
		};
/* End PBXContainerItemProxy section */

/* Begin PBXFileReference section */
		823147D3256FB03000691F67 /* geqiangbao_20201126_xiangyuan_swift.app */ = {isa = PBXFileReference; explicitFileType = wrapper.application; includeInIndex = 0; path = geqiangbao_20201126_xiangyuan_swift.app; sourceTree = BUILT_PRODUCTS_DIR; };
		823147D6256FB03000691F67 /* AppDelegate.swift */ = {isa = PBXFileReference; lastKnownFileType = sourcecode.swift; path = AppDelegate.swift; sourceTree = "<group>"; };
		823147D8256FB03000691F67 /* SceneDelegate.swift */ = {isa = PBXFileReference; lastKnownFileType = sourcecode.swift; path = SceneDelegate.swift; sourceTree = "<group>"; };
		823147DA256FB03000691F67 /* ViewController.swift */ = {isa = PBXFileReference; lastKnownFileType = sourcecode.swift; path = ViewController.swift; sourceTree = "<group>"; };
		823147DD256FB03000691F67 /* Base */ = {isa = PBXFileReference; lastKnownFileType = file.storyboard; name = Base; path = Base.lproj/Main.storyboard; sourceTree = "<group>"; };
		823147DF256FB03300691F67 /* Assets.xcassets */ = {isa = PBXFileReference; lastKnownFileType = folder.assetcatalog; path = Assets.xcassets; sourceTree = "<group>"; };
		823147E2256FB03300691F67 /* Base */ = {isa = PBXFileReference; lastKnownFileType = file.storyboard; name = Base; path = Base.lproj/LaunchScreen.storyboard; sourceTree = "<group>"; };
		823147E4256FB03300691F67 /* Info.plist */ = {isa = PBXFileReference; lastKnownFileType = text.plist.xml; path = Info.plist; sourceTree = "<group>"; };
		823147E9256FB03300691F67 /* geqiangbao_20201126_xiangyuan_swiftTests.xctest */ = {isa = PBXFileReference; explicitFileType = wrapper.cfbundle; includeInIndex = 0; path = geqiangbao_20201126_xiangyuan_swiftTests.xctest; sourceTree = BUILT_PRODUCTS_DIR; };
		823147ED256FB03300691F67 /* geqiangbao_20201126_xiangyuan_swiftTests.swift */ = {isa = PBXFileReference; lastKnownFileType = sourcecode.swift; path = geqiangbao_20201126_xiangyuan_swiftTests.swift; sourceTree = "<group>"; };
		823147EF256FB03300691F67 /* Info.plist */ = {isa = PBXFileReference; lastKnownFileType = text.plist.xml; path = Info.plist; sourceTree = "<group>"; };
		823147F4256FB03300691F67 /* geqiangbao_20201126_xiangyuan_swiftUITests.xctest */ = {isa = PBXFileReference; explicitFileType = wrapper.cfbundle; includeInIndex = 0; path = geqiangbao_20201126_xiangyuan_swiftUITests.xctest; sourceTree = BUILT_PRODUCTS_DIR; };
		823147F8256FB03300691F67 /* geqiangbao_20201126_xiangyuan_swiftUITests.swift */ = {isa = PBXFileReference; lastKnownFileType = sourcecode.swift; path = geqiangbao_20201126_xiangyuan_swiftUITests.swift; sourceTree = "<group>"; };
		823147FA256FB03300691F67 /* Info.plist */ = {isa = PBXFileReference; lastKnownFileType = text.plist.xml; path = Info.plist; sourceTree = "<group>"; };
		8248E3F5256FB26E003F9694 /* TicketProtocol.swift */ = {isa = PBXFileReference; lastKnownFileType = sourcecode.swift; path = TicketProtocol.swift; sourceTree = "<group>"; };
		8248E3FD256FB288003F9694 /* TrainTicket.swift */ = {isa = PBXFileReference; lastKnownFileType = sourcecode.swift; path = TrainTicket.swift; sourceTree = "<group>"; };
		8248E402256FB2A1003F9694 /* TicketFactory.swift */ = {isa = PBXFileReference; lastKnownFileType = sourcecode.swift; path = TicketFactory.swift; sourceTree = "<group>"; };
		8248E407256FB2B4003F9694 /* TicketFactory2.swift */ = {isa = PBXFileReference; lastKnownFileType = sourcecode.swift; path = TicketFactory2.swift; sourceTree = "<group>"; };
/* End PBXFileReference section */

/* Begin PBXFrameworksBuildPhase section */
		823147D0256FB03000691F67 /* Frameworks */ = {
			isa = PBXFrameworksBuildPhase;
			buildActionMask = 2147483647;
			files = (
			);
			runOnlyForDeploymentPostprocessing = 0;
		};
		823147E6256FB03300691F67 /* Frameworks */ = {
			isa = PBXFrameworksBuildPhase;
			buildActionMask = 2147483647;
			files = (
			);
			runOnlyForDeploymentPostprocessing = 0;
		};
		823147F1256FB03300691F67 /* Frameworks */ = {
			isa = PBXFrameworksBuildPhase;
			buildActionMask = 2147483647;
			files = (
			);
			runOnlyForDeploymentPostprocessing = 0;
		};
/* End PBXFrameworksBuildPhase section */

/* Begin PBXGroup section */
		823147CA256FB03000691F67 = {
			isa = PBXGroup;
			children = (
				823147D5256FB03000691F67 /* geqiangbao_20201126_xiangyuan_swift */,
				823147EC256FB03300691F67 /* geqiangbao_20201126_xiangyuan_swiftTests */,
				823147F7256FB03300691F67 /* geqiangbao_20201126_xiangyuan_swiftUITests */,
				823147D4256FB03000691F67 /* Products */,
			);
			sourceTree = "<group>";
		};
		823147D4256FB03000691F67 /* Products */ = {
			isa = PBXGroup;
			children = (
				823147D3256FB03000691F67 /* geqiangbao_20201126_xiangyuan_swift.app */,
				823147E9256FB03300691F67 /* geqiangbao_20201126_xiangyuan_swiftTests.xctest */,
				823147F4256FB03300691F67 /* geqiangbao_20201126_xiangyuan_swiftUITests.xctest */,
			);
			name = Products;
			sourceTree = "<group>";
		};
		823147D5256FB03000691F67 /* geqiangbao_20201126_xiangyuan_swift */ = {
			isa = PBXGroup;
			children = (
				8248E3F4256FB261003F9694 /* demo1 */,
				823147D6256FB03000691F67 /* AppDelegate.swift */,
				823147D8256FB03000691F67 /* SceneDelegate.swift */,
				823147DA256FB03000691F67 /* ViewController.swift */,
				823147DC256FB03000691F67 /* Main.storyboard */,
				823147DF256FB03300691F67 /* Assets.xcassets */,
				823147E1256FB03300691F67 /* LaunchScreen.storyboard */,
				823147E4256FB03300691F67 /* Info.plist */,
			);
			path = geqiangbao_20201126_xiangyuan_swift;
			sourceTree = "<group>";
		};
		823147EC256FB03300691F67 /* geqiangbao_20201126_xiangyuan_swiftTests */ = {
			isa = PBXGroup;
			children = (
				823147ED256FB03300691F67 /* geqiangbao_20201126_xiangyuan_swiftTests.swift */,
				823147EF256FB03300691F67 /* Info.plist */,
			);
			path = geqiangbao_20201126_xiangyuan_swiftTests;
			sourceTree = "<group>";
		};
		823147F7256FB03300691F67 /* geqiangbao_20201126_xiangyuan_swiftUITests */ = {
			isa = PBXGroup;
			children = (
				823147F8256FB03300691F67 /* geqiangbao_20201126_xiangyuan_swiftUITests.swift */,
				823147FA256FB03300691F67 /* Info.plist */,
			);
			path = geqiangbao_20201126_xiangyuan_swiftUITests;
			sourceTree = "<group>";
		};
		8248E3F4256FB261003F9694 /* demo1 */ = {
			isa = PBXGroup;
			children = (
				8248E3F5256FB26E003F9694 /* TicketProtocol.swift */,
				8248E3FD256FB288003F9694 /* TrainTicket.swift */,
				8248E402256FB2A1003F9694 /* TicketFactory.swift */,
				8248E407256FB2B4003F9694 /* TicketFactory2.swift */,
			);
			path = demo1;
			sourceTree = "<group>";
		};
/* End PBXGroup section */

/* Begin PBXNativeTarget section */
		823147D2256FB03000691F67 /* geqiangbao_20201126_xiangyuan_swift */ = {
			isa = PBXNativeTarget;
			buildConfigurationList = 823147FD256FB03300691F67 /* Build configuration list for PBXNativeTarget "geqiangbao_20201126_xiangyuan_swift" */;
			buildPhases = (
				823147CF256FB03000691F67 /* Sources */,
				823147D0256FB03000691F67 /* Frameworks */,
				823147D1256FB03000691F67 /* Resources */,
			);
			buildRules = (
			);
			dependencies = (
			);
			name = geqiangbao_20201126_xiangyuan_swift;
			productName = geqiangbao_20201126_xiangyuan_swift;
			productReference = 823147D3256FB03000691F67 /* geqiangbao_20201126_xiangyuan_swift.app */;
			productType = "com.apple.product-type.application";
		};
		823147E8256FB03300691F67 /* geqiangbao_20201126_xiangyuan_swiftTests */ = {
			isa = PBXNativeTarget;
			buildConfigurationList = 82314800256FB03300691F67 /* Build configuration list for PBXNativeTarget "geqiangbao_20201126_xiangyuan_swiftTests" */;
			buildPhases = (
				823147E5256FB03300691F67 /* Sources */,
				823147E6256FB03300691F67 /* Frameworks */,
				823147E7256FB03300691F67 /* Resources */,
			);
			buildRules = (
			);
			dependencies = (
				823147EB256FB03300691F67 /* PBXTargetDependency */,
			);
			name = geqiangbao_20201126_xiangyuan_swiftTests;
			productName = geqiangbao_20201126_xiangyuan_swiftTests;
			productReference = 823147E9256FB03300691F67 /* geqiangbao_20201126_xiangyuan_swiftTests.xctest */;
			productType = "com.apple.product-type.bundle.unit-test";
		};
		823147F3256FB03300691F67 /* geqiangbao_20201126_xiangyuan_swiftUITests */ = {
			isa = PBXNativeTarget;
			buildConfigurationList = 82314803256FB03300691F67 /* Build configuration list for PBXNativeTarget "geqiangbao_20201126_xiangyuan_swiftUITests" */;
			buildPhases = (
				823147F0256FB03300691F67 /* Sources */,
				823147F1256FB03300691F67 /* Frameworks */,
				823147F2256FB03300691F67 /* Resources */,
			);
			buildRules = (
			);
			dependencies = (
				823147F6256FB03300691F67 /* PBXTargetDependency */,
			);
			name = geqiangbao_20201126_xiangyuan_swiftUITests;
			productName = geqiangbao_20201126_xiangyuan_swiftUITests;
			productReference = 823147F4256FB03300691F67 /* geqiangbao_20201126_xiangyuan_swiftUITests.xctest */;
			productType = "com.apple.product-type.bundle.ui-testing";
		};
/* End PBXNativeTarget section */

/* Begin PBXProject section */
		823147CB256FB03000691F67 /* Project object */ = {
			isa = PBXProject;
			attributes = {
				LastSwiftUpdateCheck = 1210;
				LastUpgradeCheck = 1210;
				TargetAttributes = {
					823147D2256FB03000691F67 = {
						CreatedOnToolsVersion = 12.1;
					};
					823147E8256FB03300691F67 = {
						CreatedOnToolsVersion = 12.1;
						TestTargetID = 823147D2256FB03000691F67;
					};
					823147F3256FB03300691F67 = {
						CreatedOnToolsVersion = 12.1;
						TestTargetID = 823147D2256FB03000691F67;
					};
				};
			};
			buildConfigurationList = 823147CE256FB03000691F67 /* Build configuration list for PBXProject "geqiangbao_20201126_xiangyuan_swift" */;
			compatibilityVersion = "Xcode 9.3";
			developmentRegion = en;
			hasScannedForEncodings = 0;
			knownRegions = (
				en,
				Base,
			);
			mainGroup = 823147CA256FB03000691F67;
			productRefGroup = 823147D4256FB03000691F67 /* Products */;
			projectDirPath = "";
			projectRoot = "";
			targets = (
				823147D2256FB03000691F67 /* geqiangbao_20201126_xiangyuan_swift */,
				823147E8256FB03300691F67 /* geqiangbao_20201126_xiangyuan_swiftTests */,
				823147F3256FB03300691F67 /* geqiangbao_20201126_xiangyuan_swiftUITests */,
			);
		};
/* End PBXProject section */

/* Begin PBXResourcesBuildPhase section */
		823147D1256FB03000691F67 /* Resources */ = {
			isa = PBXResourcesBuildPhase;
			buildActionMask = 2147483647;
			files = (
				823147E3256FB03300691F67 /* LaunchScreen.storyboard in Resources */,
				823147E0256FB03300691F67 /* Assets.xcassets in Resources */,
				823147DE256FB03000691F67 /* Main.storyboard in Resources */,
			);
			runOnlyForDeploymentPostprocessing = 0;
		};
		823147E7256FB03300691F67 /* Resources */ = {
			isa = PBXResourcesBuildPhase;
			buildActionMask = 2147483647;
			files = (
			);
			runOnlyForDeploymentPostprocessing = 0;
		};
		823147F2256FB03300691F67 /* Resources */ = {
			isa = PBXResourcesBuildPhase;
			buildActionMask = 2147483647;
			files = (
			);
			runOnlyForDeploymentPostprocessing = 0;
		};
/* End PBXResourcesBuildPhase section */

/* Begin PBXSourcesBuildPhase section */
		823147CF256FB03000691F67 /* Sources */ = {
			isa = PBXSourcesBuildPhase;
			buildActionMask = 2147483647;
			files = (
				8248E3FE256FB288003F9694 /* TrainTicket.swift in Sources */,
				823147DB256FB03000691F67 /* ViewController.swift in Sources */,
				8248E3F6256FB26E003F9694 /* TicketProtocol.swift in Sources */,
				823147D7256FB03000691F67 /* AppDelegate.swift in Sources */,
				8248E408256FB2B4003F9694 /* TicketFactory2.swift in Sources */,
				8248E403256FB2A2003F9694 /* TicketFactory.swift in Sources */,
				823147D9256FB03000691F67 /* SceneDelegate.swift in Sources */,
			);
			runOnlyForDeploymentPostprocessing = 0;
		};
		823147E5256FB03300691F67 /* Sources */ = {
			isa = PBXSourcesBuildPhase;
			buildActionMask = 2147483647;
			files = (
				823147EE256FB03300691F67 /* geqiangbao_20201126_xiangyuan_swiftTests.swift in Sources */,
			);
			runOnlyForDeploymentPostprocessing = 0;
		};
		823147F0256FB03300691F67 /* Sources */ = {
			isa = PBXSourcesBuildPhase;
			buildActionMask = 2147483647;
			files = (
				823147F9256FB03300691F67 /* geqiangbao_20201126_xiangyuan_swiftUITests.swift in Sources */,
			);
			runOnlyForDeploymentPostprocessing = 0;
		};
/* End PBXSourcesBuildPhase section */

/* Begin PBXTargetDependency section */
		823147EB256FB03300691F67 /* PBXTargetDependency */ = {
			isa = PBXTargetDependency;
			target = 823147D2256FB03000691F67 /* geqiangbao_20201126_xiangyuan_swift */;
			targetProxy = 823147EA256FB03300691F67 /* PBXContainerItemProxy */;
		};
		823147F6256FB03300691F67 /* PBXTargetDependency */ = {
			isa = PBXTargetDependency;
			target = 823147D2256FB03000691F67 /* geqiangbao_20201126_xiangyuan_swift */;
			targetProxy = 823147F5256FB03300691F67 /* PBXContainerItemProxy */;
		};
/* End PBXTargetDependency section */

/* Begin PBXVariantGroup section */
		823147DC256FB03000691F67 /* Main.storyboard */ = {
			isa = PBXVariantGroup;
			children = (
				823147DD256FB03000691F67 /* Base */,
			);
			name = Main.storyboard;
			sourceTree = "<group>";
		};
		823147E1256FB03300691F67 /* LaunchScreen.storyboard */ = {
			isa = PBXVariantGroup;
			children = (
				823147E2256FB03300691F67 /* Base */,
			);
			name = LaunchScreen.storyboard;
			sourceTree = "<group>";
		};
/* End PBXVariantGroup section */

/* Begin XCBuildConfiguration section */
		823147FB256FB03300691F67 /* Debug */ = {
			isa = XCBuildConfiguration;
			buildSettings = {
				ALWAYS_SEARCH_USER_PATHS = NO;
				CLANG_ANALYZER_NONNULL = YES;
				CLANG_ANALYZER_NUMBER_OBJECT_CONVERSION = YES_AGGRESSIVE;
				CLANG_CXX_LANGUAGE_STANDARD = "gnu++14";
				CLANG_CXX_LIBRARY = "libc++";
				CLANG_ENABLE_MODULES = YES;
				CLANG_ENABLE_OBJC_ARC = YES;
				CLANG_ENABLE_OBJC_WEAK = YES;
				CLANG_WARN_BLOCK_CAPTURE_AUTORELEASING = YES;
				CLANG_WARN_BOOL_CONVERSION = YES;
				CLANG_WARN_COMMA = YES;
				CLANG_WARN_CONSTANT_CONVERSION = YES;
				CLANG_WARN_DEPRECATED_OBJC_IMPLEMENTATIONS = YES;
				CLANG_WARN_DIRECT_OBJC_ISA_USAGE = YES_ERROR;
				CLANG_WARN_DOCUMENTATION_COMMENTS = YES;
				CLANG_WARN_EMPTY_BODY = YES;
				CLANG_WARN_ENUM_CONVERSION = YES;
				CLANG_WARN_INFINITE_RECURSION = YES;
				CLANG_WARN_INT_CONVERSION = YES;
				CLANG_WARN_NON_LITERAL_NULL_CONVERSION = YES;
				CLANG_WARN_OBJC_IMPLICIT_RETAIN_SELF = YES;
				CLANG_WARN_OBJC_LITERAL_CONVERSION = YES;
				CLANG_WARN_OBJC_ROOT_CLASS = YES_ERROR;
				CLANG_WARN_QUOTED_INCLUDE_IN_FRAMEWORK_HEADER = YES;
				CLANG_WARN_RANGE_LOOP_ANALYSIS = YES;
				CLANG_WARN_STRICT_PROTOTYPES = YES;
				CLANG_WARN_SUSPICIOUS_MOVE = YES;
				CLANG_WARN_UNGUARDED_AVAILABILITY = YES_AGGRESSIVE;
				CLANG_WARN_UNREACHABLE_CODE = YES;
				CLANG_WARN__DUPLICATE_METHOD_MATCH = YES;
				COPY_PHASE_STRIP = NO;
				DEBUG_INFORMATION_FORMAT = dwarf;
				ENABLE_STRICT_OBJC_MSGSEND = YES;
				ENABLE_TESTABILITY = YES;
				GCC_C_LANGUAGE_STANDARD = gnu11;
				GCC_DYNAMIC_NO_PIC = NO;
				GCC_NO_COMMON_BLOCKS = YES;
				GCC_OPTIMIZATION_LEVEL = 0;
				GCC_PREPROCESSOR_DEFINITIONS = (
					"DEBUG=1",
					"$(inherited)",
				);
				GCC_WARN_64_TO_32_BIT_CONVERSION = YES;
				GCC_WARN_ABOUT_RETURN_TYPE = YES_ERROR;
				GCC_WARN_UNDECLARED_SELECTOR = YES;
				GCC_WARN_UNINITIALIZED_AUTOS = YES_AGGRESSIVE;
				GCC_WARN_UNUSED_FUNCTION = YES;
				GCC_WARN_UNUSED_VARIABLE = YES;
				IPHONEOS_DEPLOYMENT_TARGET = 14.1;
				MTL_ENABLE_DEBUG_INFO = INCLUDE_SOURCE;
				MTL_FAST_MATH = YES;
				ONLY_ACTIVE_ARCH = YES;
				SDKROOT = iphoneos;
				SWIFT_ACTIVE_COMPILATION_CONDITIONS = DEBUG;
				SWIFT_OPTIMIZATION_LEVEL = "-Onone";
			};
			name = Debug;
		};
		823147FC256FB03300691F67 /* Release */ = {
			isa = XCBuildConfiguration;
			buildSettings = {
				ALWAYS_SEARCH_USER_PATHS = NO;
				CLANG_ANALYZER_NONNULL = YES;
				CLANG_ANALYZER_NUMBER_OBJECT_CONVERSION = YES_AGGRESSIVE;
				CLANG_CXX_LANGUAGE_STANDARD = "gnu++14";
				CLANG_CXX_LIBRARY = "libc++";
				CLANG_ENABLE_MODULES = YES;
				CLANG_ENABLE_OBJC_ARC = YES;
				CLANG_ENABLE_OBJC_WEAK = YES;
				CLANG_WARN_BLOCK_CAPTURE_AUTORELEASING = YES;
				CLANG_WARN_BOOL_CONVERSION = YES;
				CLANG_WARN_COMMA = YES;
				CLANG_WARN_CONSTANT_CONVERSION = YES;
				CLANG_WARN_DEPRECATED_OBJC_IMPLEMENTATIONS = YES;
				CLANG_WARN_DIRECT_OBJC_ISA_USAGE = YES_ERROR;
				CLANG_WARN_DOCUMENTATION_COMMENTS = YES;
				CLANG_WARN_EMPTY_BODY = YES;
				CLANG_WARN_ENUM_CONVERSION = YES;
				CLANG_WARN_INFINITE_RECURSION = YES;
				CLANG_WARN_INT_CONVERSION = YES;
				CLANG_WARN_NON_LITERAL_NULL_CONVERSION = YES;
				CLANG_WARN_OBJC_IMPLICIT_RETAIN_SELF = YES;
				CLANG_WARN_OBJC_LITERAL_CONVERSION = YES;
				CLANG_WARN_OBJC_ROOT_CLASS = YES_ERROR;
				CLANG_WARN_QUOTED_INCLUDE_IN_FRAMEWORK_HEADER = YES;
				CLANG_WARN_RANGE_LOOP_ANALYSIS = YES;
				CLANG_WARN_STRICT_PROTOTYPES = YES;
				CLANG_WARN_SUSPICIOUS_MOVE = YES;
				CLANG_WARN_UNGUARDED_AVAILABILITY = YES_AGGRESSIVE;
				CLANG_WARN_UNREACHABLE_CODE = YES;
				CLANG_WARN__DUPLICATE_METHOD_MATCH = YES;
				COPY_PHASE_STRIP = NO;
				DEBUG_INFORMATION_FORMAT = "dwarf-with-dsym";
				ENABLE_NS_ASSERTIONS = NO;
				ENABLE_STRICT_OBJC_MSGSEND = YES;
				GCC_C_LANGUAGE_STANDARD = gnu11;
				GCC_NO_COMMON_BLOCKS = YES;
				GCC_WARN_64_TO_32_BIT_CONVERSION = YES;
				GCC_WARN_ABOUT_RETURN_TYPE = YES_ERROR;
				GCC_WARN_UNDECLARED_SELECTOR = YES;
				GCC_WARN_UNINITIALIZED_AUTOS = YES_AGGRESSIVE;
				GCC_WARN_UNUSED_FUNCTION = YES;
				GCC_WARN_UNUSED_VARIABLE = YES;
				IPHONEOS_DEPLOYMENT_TARGET = 14.1;
				MTL_ENABLE_DEBUG_INFO = NO;
				MTL_FAST_MATH = YES;
				SDKROOT = iphoneos;
				SWIFT_COMPILATION_MODE = wholemodule;
				SWIFT_OPTIMIZATION_LEVEL = "-O";
				VALIDATE_PRODUCT = YES;
			};
			name = Release;
		};
		823147FE256FB03300691F67 /* Debug */ = {
			isa = XCBuildConfiguration;
			buildSettings = {
				ASSETCATALOG_COMPILER_APPICON_NAME = AppIcon;
				ASSETCATALOG_COMPILER_GLOBAL_ACCENT_COLOR_NAME = AccentColor;
				CODE_SIGN_STYLE = Automatic;
				DEVELOPMENT_TEAM = 4UZC2PTF7L;
				INFOPLIST_FILE = geqiangbao_20201126_xiangyuan_swift/Info.plist;
				LD_RUNPATH_SEARCH_PATHS = (
					"$(inherited)",
					"@executable_path/Frameworks",
				);
				PRODUCT_BUNDLE_IDENTIFIER = "qdinfini.com.cn.NotificationService.geqiangbao-20201126-xiangyuan-swift";
				PRODUCT_NAME = "$(TARGET_NAME)";
				SWIFT_VERSION = 5.0;
				TARGETED_DEVICE_FAMILY = "1,2";
			};
			name = Debug;
		};
		823147FF256FB03300691F67 /* Release */ = {
			isa = XCBuildConfiguration;
			buildSettings = {
				ASSETCATALOG_COMPILER_APPICON_NAME = AppIcon;
				ASSETCATALOG_COMPILER_GLOBAL_ACCENT_COLOR_NAME = AccentColor;
				CODE_SIGN_STYLE = Automatic;
				DEVELOPMENT_TEAM = 4UZC2PTF7L;
				INFOPLIST_FILE = geqiangbao_20201126_xiangyuan_swift/Info.plist;
				LD_RUNPATH_SEARCH_PATHS = (
					"$(inherited)",
					"@executable_path/Frameworks",
				);
				PRODUCT_BUNDLE_IDENTIFIER = "qdinfini.com.cn.NotificationService.geqiangbao-20201126-xiangyuan-swift";
				PRODUCT_NAME = "$(TARGET_NAME)";
				SWIFT_VERSION = 5.0;
				TARGETED_DEVICE_FAMILY = "1,2";
			};
			name = Release;
		};
		82314801256FB03300691F67 /* Debug */ = {
			isa = XCBuildConfiguration;
			buildSettings = {
				ALWAYS_EMBED_SWIFT_STANDARD_LIBRARIES = YES;
				BUNDLE_LOADER = "$(TEST_HOST)";
				CODE_SIGN_STYLE = Automatic;
				DEVELOPMENT_TEAM = 4UZC2PTF7L;
				INFOPLIST_FILE = geqiangbao_20201126_xiangyuan_swiftTests/Info.plist;
				IPHONEOS_DEPLOYMENT_TARGET = 14.1;
				LD_RUNPATH_SEARCH_PATHS = (
					"$(inherited)",
					"@executable_path/Frameworks",
					"@loader_path/Frameworks",
				);
				PRODUCT_BUNDLE_IDENTIFIER = "qdinfini.com.cn.NotificationService.geqiangbao-20201126-xiangyuan-swiftTests";
				PRODUCT_NAME = "$(TARGET_NAME)";
				SWIFT_VERSION = 5.0;
				TARGETED_DEVICE_FAMILY = "1,2";
				TEST_HOST = "$(BUILT_PRODUCTS_DIR)/geqiangbao_20201126_xiangyuan_swift.app/geqiangbao_20201126_xiangyuan_swift";
			};
			name = Debug;
		};
		82314802256FB03300691F67 /* Release */ = {
			isa = XCBuildConfiguration;
			buildSettings = {
				ALWAYS_EMBED_SWIFT_STANDARD_LIBRARIES = YES;
				BUNDLE_LOADER = "$(TEST_HOST)";
				CODE_SIGN_STYLE = Automatic;
				DEVELOPMENT_TEAM = 4UZC2PTF7L;
				INFOPLIST_FILE = geqiangbao_20201126_xiangyuan_swiftTests/Info.plist;
				IPHONEOS_DEPLOYMENT_TARGET = 14.1;
				LD_RUNPATH_SEARCH_PATHS = (
					"$(inherited)",
					"@executable_path/Frameworks",
					"@loader_path/Frameworks",
				);
				PRODUCT_BUNDLE_IDENTIFIER = "qdinfini.com.cn.NotificationService.geqiangbao-20201126-xiangyuan-swiftTests";
				PRODUCT_NAME = "$(TARGET_NAME)";
				SWIFT_VERSION = 5.0;
				TARGETED_DEVICE_FAMILY = "1,2";
				TEST_HOST = "$(BUILT_PRODUCTS_DIR)/geqiangbao_20201126_xiangyuan_swift.app/geqiangbao_20201126_xiangyuan_swift";
			};
			name = Release;
		};
		82314804256FB03300691F67 /* Debug */ = {
			isa = XCBuildConfiguration;
			buildSettings = {
				ALWAYS_EMBED_SWIFT_STANDARD_LIBRARIES = YES;
				CODE_SIGN_STYLE = Automatic;
				DEVELOPMENT_TEAM = 4UZC2PTF7L;
				INFOPLIST_FILE = geqiangbao_20201126_xiangyuan_swiftUITests/Info.plist;
				LD_RUNPATH_SEARCH_PATHS = (
					"$(inherited)",
					"@executable_path/Frameworks",
					"@loader_path/Frameworks",
				);
				PRODUCT_BUNDLE_IDENTIFIER = "qdinfini.com.cn.NotificationService.geqiangbao-20201126-xiangyuan-swiftUITests";
				PRODUCT_NAME = "$(TARGET_NAME)";
				SWIFT_VERSION = 5.0;
				TARGETED_DEVICE_FAMILY = "1,2";
				TEST_TARGET_NAME = geqiangbao_20201126_xiangyuan_swift;
			};
			name = Debug;
		};
		82314805256FB03300691F67 /* Release */ = {
			isa = XCBuildConfiguration;
			buildSettings = {
				ALWAYS_EMBED_SWIFT_STANDARD_LIBRARIES = YES;
				CODE_SIGN_STYLE = Automatic;
				DEVELOPMENT_TEAM = 4UZC2PTF7L;
				INFOPLIST_FILE = geqiangbao_20201126_xiangyuan_swiftUITests/Info.plist;
				LD_RUNPATH_SEARCH_PATHS = (
					"$(inherited)",
					"@executable_path/Frameworks",
					"@loader_path/Frameworks",
				);
				PRODUCT_BUNDLE_IDENTIFIER = "qdinfini.com.cn.NotificationService.geqiangbao-20201126-xiangyuan-swiftUITests";
				PRODUCT_NAME = "$(TARGET_NAME)";
				SWIFT_VERSION = 5.0;
				TARGETED_DEVICE_FAMILY = "1,2";
				TEST_TARGET_NAME = geqiangbao_20201126_xiangyuan_swift;
			};
			name = Release;
		};
/* End XCBuildConfiguration section */

/* Begin XCConfigurationList section */
		823147CE256FB03000691F67 /* Build configuration list for PBXProject "geqiangbao_20201126_xiangyuan_swift" */ = {
			isa = XCConfigurationList;
			buildConfigurations = (
				823147FB256FB03300691F67 /* Debug */,
				823147FC256FB03300691F67 /* Release */,
			);
			defaultConfigurationIsVisible = 0;
			defaultConfigurationName = Release;
		};
		823147FD256FB03300691F67 /* Build configuration list for PBXNativeTarget "geqiangbao_20201126_xiangyuan_swift" */ = {
			isa = XCConfigurationList;
			buildConfigurations = (
				823147FE256FB03300691F67 /* Debug */,
				823147FF256FB03300691F67 /* Release */,
			);
			defaultConfigurationIsVisible = 0;
			defaultConfigurationName = Release;
		};
		82314800256FB03300691F67 /* Build configuration list for PBXNativeTarget "geqiangbao_20201126_xiangyuan_swiftTests" */ = {
			isa = XCConfigurationList;
			buildConfigurations = (
				82314801256FB03300691F67 /* Debug */,
				82314802256FB03300691F67 /* Release */,
			);
			defaultConfigurationIsVisible = 0;
			defaultConfigurationName = Release;
		};
		82314803256FB03300691F67 /* Build configuration list for PBXNativeTarget "geqiangbao_20201126_xiangyuan_swiftUITests" */ = {
			isa = XCConfigurationList;
			buildConfigurations = (
				82314804256FB03300691F67 /* Debug */,
				82314805256FB03300691F67 /* Release */,
			);
			defaultConfigurationIsVisible = 0;
			defaultConfigurationName = Release;
		};
/* End XCConfigurationList section */
	};
	rootObject = 823147CB256FB03000691F67 /* Project object */;
}
